# This file is autogenerated, do not edit; changes may be undone by the next 'dep ensure'.


[[projects]]
  branch = "master"
  digest = "1:6978a38432a017763a148afbc7ce6491734b54292af7d3e969d84d2e9dd242e2"
  name = "github.com/Azure/go-ansiterm"
  packages = [
    ".",
    "winterm",
  ]
  pruneopts = ""
  revision = "d6e3b3328b783f23731bc4d058875b0371ff8109"

[[projects]]
  digest = "1:45ec6eb579713a01991ad07f538fed3b576ee55f5ce9f248320152a9270d9258"
  name = "github.com/Microsoft/go-winio"
  packages = ["."]
  pruneopts = ""
  revision = "a6d595ae73cf27a1b8fc32930668708f45ce1c85"
  version = "v0.4.9"

[[projects]]
  branch = "master"
  digest = "1:3721a10686511b80c052323423f0de17a8c06d417dbdd3b392b1578432a33aae"
  name = "github.com/Nvveen/Gotty"
  packages = ["."]
  pruneopts = ""
  revision = "cd527374f1e5bff4938207604a14f2e38a9cf512"

[[projects]]
  branch = "master"
  digest = "1:5e06222aa645a489cc87b820d8a0722948483b1d5ac584b379b9c0a619ec1ffe"
  name = "github.com/containerd/continuity"
  packages = ["pathdriver"]
  pruneopts = ""
  revision = "0377f7d767206f3a9e8881d0f02267b0d89c7a62"

[[projects]]
  digest = "1:7582d9c853c40e8970da5f3734ee1b8d78b2fae3c12b77b2d5dedf03e8376405"
  name = "github.com/docker/distribution"
  packages = [
    "digestset",
    "reference",
  ]
  pruneopts = ""
  revision = "0dae0957e5fe3156c265d22bef4cba9efbf388e2"

[[projects]]
  digest = "1:050f7e3f308f43c0d23b7d0299bb703b9590b61f47ee5726eb3597c6bbf636bd"
  name = "github.com/docker/docker"
  packages = [
    "api/types",
    "api/types/blkiodev",
    "api/types/container",
    "api/types/filters",
    "api/types/mount",
    "api/types/network",
    "api/types/registry",
    "api/types/strslice",
    "api/types/swarm",
    "api/types/swarm/runtime",
    "api/types/versions",
    "opts",
    "pkg/fileutils",
    "pkg/homedir",
    "pkg/idtools",
    "pkg/ioutils",
    "pkg/longpath",
    "pkg/mount",
    "pkg/pools",
    "pkg/stdcopy",
    "pkg/system",
  ]
  pruneopts = ""
  revision = "3e1df952b7d693ac3961f492310852bdf3106240"

[[projects]]
  digest = "1:ebe593d8b65a2947b78b6e164a2dac1a230b977a700b694da3a398b03b7afb04"
  name = "github.com/docker/go-connections"
  packages = ["nat"]
  pruneopts = ""
  revision = "7395e3f8aa162843a74ed6d48e79627d9792ac55"
  version = "v0.4.0"

[[projects]]
  digest = "1:582d54fcb7233da8dde1dfd2210a5b9675d0685f84246a8d317b07d680c18b1b"
  name = "github.com/docker/go-units"
  packages = ["."]
  pruneopts = ""
  revision = "47565b4f722fb6ceae66b95f853feed578a4a51c"
  version = "v0.3.3"

[[projects]]
  branch = "master"
  digest = "1:1c55d0635b121a5707122f7a0af420461deff1b7a16ad11516cbb07f7a070e57"
  name = "github.com/elemir/rainforest"
  packages = ["."]
  pruneopts = ""
  revision = "67f59611438e69deaf3ec76dbe373d65fdcdec6c"

[[projects]]
  branch = "master"
  digest = "1:231a547fa4e1f8719cab88f5f1fa24a6571afdc0f5b7fd6d15044fb3fa903960"
  name = "github.com/fgrehm/go-dockerpty"
  packages = [
    ".",
    "term",
  ]
  pruneopts = ""
  revision = "02a0f9ba708b25e6c46d08badc99d8e1ac670a82"

[[projects]]
  digest = "1:af5d268f0ce69dcfe432a4a037ec222e15e3d1d699a200927131f6add537e635"
  name = "github.com/fsouza/go-dockerclient"
  packages = [
    ".",
    "internal/archive",
    "internal/jsonmessage",
    "internal/term",
  ]
  pruneopts = ""
  revision = "8842d40dbf5ee062d80f9dc429db31a0fe0cdc73"
  version = "v1.2.2"

[[projects]]
  digest = "1:6e73003ecd35f4487a5e88270d3ca0a81bc80dc88053ac7e4dcfec5fba30d918"
  name = "github.com/gogo/protobuf"
  packages = ["proto"]
  pruneopts = ""
  revision = "636bf0302bc95575d69441b25a2603156ffdddf1"
  version = "v1.1.1"

[[projects]]
  digest = "1:870d441fe217b8e689d7949fef6e43efbc787e50f200cb1e70dbca9204a1d6be"
  name = "github.com/inconshreveable/mousetrap"
  packages = ["."]
  pruneopts = ""
  revision = "76626ae9c91c4f2a10f34cad8ce83ea42c93bb75"
  version = "v1.0"

[[projects]]
  digest = "1:5d9b668b0b4581a978f07e7d2e3314af18eb27b3fb5d19b70185b7c575723d11"
  name = "github.com/opencontainers/go-digest"
  packages = ["."]
  pruneopts = ""
  revision = "279bed98673dd5bef374d3b6e4b09e2af76183bf"
  version = "v1.0.0-rc1"

[[projects]]
  digest = "1:f26c8670b11e29a49c8e45f7ec7f2d5bac62e8fd4e3c0ae1662baa4a697f984a"
  name = "github.com/opencontainers/image-spec"
  packages = [
    "specs-go",
    "specs-go/v1",
  ]
  pruneopts = ""
  revision = "d60099175f88c47cd379c4738d158884749ed235"
  version = "v1.0.1"

[[projects]]
  digest = "1:fa19ddee0e5ee5951a6a450a4b6ec635a42957f86bfc87d9d778eeee04ad2036"
  name = "github.com/opencontainers/runc"
  packages = ["libcontainer/user"]
  pruneopts = ""
  revision = "baf6536d6259209c3edfa2b22237af82942d3dfa"
  version = "v0.1.1"

[[projects]]
  digest = "1:7365acd48986e205ccb8652cc746f09c8b7876030d53710ea6ef7d0bd0dcd7ca"
  name = "github.com/pkg/errors"
  packages = ["."]
  pruneopts = ""
  revision = "645ef00459ed84a119197bfb8d8205042c6df63d"
  version = "v0.8.0"

[[projects]]
  digest = "1:3fcbf733a8d810a21265a7f2fe08a3353db2407da052b233f8b204b5afc03d9b"
  name = "github.com/sirupsen/logrus"
  packages = ["."]
  pruneopts = ""
  revision = "3e01752db0189b9157070a0e1668a620f9a85da2"
  version = "v1.0.6"

[[projects]]
  digest = "1:a1403cc8a94b8d7956ee5e9694badef0e7b051af289caad1cf668331e3ffa4f6"
  name = "github.com/spf13/cobra"
  packages = ["."]
  pruneopts = ""
  revision = "ef82de70bb3f60c65fb8eebacbb2d122ef517385"
  version = "v0.0.3"

[[projects]]
  digest = "1:8e243c568f36b09031ec18dff5f7d2769dcf5ca4d624ea511c8e3197dc3d352d"
  name = "github.com/spf13/pflag"
  packages = ["."]
  pruneopts = ""
  revision = "583c0c0531f06d5278b7d917446061adc344b5cd"
  version = "v1.0.1"

[[projects]]
  branch = "master"
  digest = "1:cae234a803b78380e4d769db6036b9fcc8c08ed4ff862571ffc1a958edc1f629"
  name = "golang.org/x/crypto"
  packages = ["ssh/terminal"]
  pruneopts = ""
  revision = "c126467f60eb25f8f27e5a981f32a87e3965053f"

[[projects]]
  branch = "master"
  digest = "1:b970d5e8b11b4c8927a06298566eb8daf66a009702688b4142cc2a961e374e91"
  name = "golang.org/x/net"
  packages = ["context"]
  pruneopts = ""
  revision = "f4c29de78a2a91c00474a2e689954305c350adf9"

[[projects]]
  branch = "master"
  digest = "1:469d265422d3992c7af23257fb8198d4d9348156b73ea89ae56d8117d4b89005"
  name = "golang.org/x/sys"
  packages = [
    "unix",
    "windows",
  ]
  pruneopts = ""
  revision = "3dc4335d56c789b04b0ba99b7a37249d9b614314"

[solve-meta]
  analyzer-name = "dep"
  analyzer-version = 1
  input-imports = [
    "github.com/docker/distribution/reference",
    "github.com/elemir/rainforest",
    "github.com/fgrehm/go-dockerpty",
    "github.com/fsouza/go-dockerclient",
    "github.com/spf13/cobra",
  ]
  solver-name = "gps-cdcl"
  solver-version = 1
